# THIS IS AN AUTOGENERATED FILE. DO NOT EDIT THIS FILE DIRECTLY.
# yarn lockfile v1


"@react-native-community/hooks@^2.6.0":
  version "2.6.0"
  resolved "https://registry.yarnpkg.com/@react-native-community/hooks/-/hooks-2.6.0.tgz#dd5f19601eb3684c6bcdd3df3d0c04cf44c24cff"
  integrity sha512-emBGKvhJ0h++lLJQ5ejsj+od9G67nEaihjvfSx7/JWvNrQGAhP9U0OZqgb9dkKzor9Ufaj9SGt8RNY97cGzttw==
